
Microsoft Visual Studio Solution File, Format Version 12.00
# Visual Studio 15
VisualStudioVersion = 15.0.28307.168
MinimumVisualStudioVersion = 10.0.40219.1
Project("{FAE04EC0-301F-11D3-BF4B-00C04F79EFBC}") = "ArduinoSerialControllerClient", "ArduinoSerialControllerClient\ArduinoSerialControllerClient.csproj", "{21B4D2A3-EB27-493B-85C9-91F8B0245885}"
EndProject
Project("{FAE04EC0-301F-11D3-BF4B-00C04F79EFBC}") = "App1", "App1\App1.csproj", "{40C61645-EE19-4B1F-B6C0-C898DF900631}"
EndProject
Project("{FAE04EC0-301F-11D3-BF4B-00C04F79EFBC}") = "ArduinoDataReader", "ArduinoDataReader\ArduinoDataReader.csproj", "{64DEAF9F-3303-4A42-95A4-F22FD1E7BB3A}"
EndProject
Project("{FAE04EC0-301F-11D3-BF4B-00C04F79EFBC}") = "ArduinoDataReaderConsole", "ConsoleApp1\ArduinoDataReaderConsole.csproj", "{F8E0E6B1-EA4B-4CE0-A1C1-834A8C5AEB03}"
EndProject
Project("{FAE04EC0-301F-11D3-BF4B-00C04F79EFBC}") = "Samdoss.CommonLayer", "Samdoss.CommonLayer\Samdoss.CommonLayer.csproj", "{104BB3AD-2223-42D2-8D0C-C6F961D7C3B5}"
EndProject
Project("{FAE04EC0-301F-11D3-BF4B-00C04F79EFBC}") = "Samdoss.DataLayer", "Samdoss.DataLayer\Samdoss.DataLayer.csproj", "{12E21304-BB19-43D9-968D-029CB417393A}"
EndProject
Global
	GlobalSection(SolutionConfigurationPlatforms) = preSolution
		Debug|Any CPU = Debug|Any CPU
		Debug|ARM = Debug|ARM
		Debug|ARM64 = Debug|ARM64
		Debug|x64 = Debug|x64
		Debug|x86 = Debug|x86
		Release|Any CPU = Release|Any CPU
		Release|ARM = Release|ARM
		Release|ARM64 = Release|ARM64
		Release|x64 = Release|x64
		Release|x86 = Release|x86
	EndGlobalSection
	GlobalSection(ProjectConfigurationPlatforms) = postSolution
		{21B4D2A3-EB27-493B-85C9-91F8B0245885}.Debug|Any CPU.ActiveCfg = Debug|Any CPU
		{21B4D2A3-EB27-493B-85C9-91F8B0245885}.Debug|Any CPU.Build.0 = Debug|Any CPU
		{21B4D2A3-EB27-493B-85C9-91F8B0245885}.Debug|ARM.ActiveCfg = Debug|Any CPU
		{21B4D2A3-EB27-493B-85C9-91F8B0245885}.Debug|ARM.Build.0 = Debug|Any CPU
		{21B4D2A3-EB27-493B-85C9-91F8B0245885}.Debug|ARM64.ActiveCfg = Debug|Any CPU
		{21B4D2A3-EB27-493B-85C9-91F8B0245885}.Debug|ARM64.Build.0 = Debug|Any CPU
		{21B4D2A3-EB27-493B-85C9-91F8B0245885}.Debug|x64.ActiveCfg = Debug|Any CPU
		{21B4D2A3-EB27-493B-85C9-91F8B0245885}.Debug|x64.Build.0 = Debug|Any CPU
		{21B4D2A3-EB27-493B-85C9-91F8B0245885}.Debug|x86.ActiveCfg = Debug|Any CPU
		{21B4D2A3-EB27-493B-85C9-91F8B0245885}.Debug|x86.Build.0 = Debug|Any CPU
		{21B4D2A3-EB27-493B-85C9-91F8B0245885}.Release|Any CPU.ActiveCfg = Release|Any CPU
		{21B4D2A3-EB27-493B-85C9-91F8B0245885}.Release|Any CPU.Build.0 = Release|Any CPU
		{21B4D2A3-EB27-493B-85C9-91F8B0245885}.Release|ARM.ActiveCfg = Release|Any CPU
		{21B4D2A3-EB27-493B-85C9-91F8B0245885}.Release|ARM.Build.0 = Release|Any CPU
		{21B4D2A3-EB27-493B-85C9-91F8B0245885}.Release|ARM64.ActiveCfg = Release|Any CPU
		{21B4D2A3-EB27-493B-85C9-91F8B0245885}.Release|ARM64.Build.0 = Release|Any CPU
		{21B4D2A3-EB27-493B-85C9-91F8B0245885}.Release|x64.ActiveCfg = Release|Any CPU
		{21B4D2A3-EB27-493B-85C9-91F8B0245885}.Release|x64.Build.0 = Release|Any CPU
		{21B4D2A3-EB27-493B-85C9-91F8B0245885}.Release|x86.ActiveCfg = Release|Any CPU
		{21B4D2A3-EB27-493B-85C9-91F8B0245885}.Release|x86.Build.0 = Release|Any CPU
		{40C61645-EE19-4B1F-B6C0-C898DF900631}.Debug|Any CPU.ActiveCfg = Debug|x86
		{40C61645-EE19-4B1F-B6C0-C898DF900631}.Debug|ARM.ActiveCfg = Debug|ARM
		{40C61645-EE19-4B1F-B6C0-C898DF900631}.Debug|ARM.Build.0 = Debug|ARM
		{40C61645-EE19-4B1F-B6C0-C898DF900631}.Debug|ARM.Deploy.0 = Debug|ARM
		{40C61645-EE19-4B1F-B6C0-C898DF900631}.Debug|ARM64.ActiveCfg = Debug|ARM64
		{40C61645-EE19-4B1F-B6C0-C898DF900631}.Debug|ARM64.Build.0 = Debug|ARM64
		{40C61645-EE19-4B1F-B6C0-C898DF900631}.Debug|ARM64.Deploy.0 = Debug|ARM64
		{40C61645-EE19-4B1F-B6C0-C898DF900631}.Debug|x64.ActiveCfg = Debug|x64
		{40C61645-EE19-4B1F-B6C0-C898DF900631}.Debug|x64.Build.0 = Debug|x64
		{40C61645-EE19-4B1F-B6C0-C898DF900631}.Debug|x64.Deploy.0 = Debug|x64
		{40C61645-EE19-4B1F-B6C0-C898DF900631}.Debug|x86.ActiveCfg = Debug|x86
		{40C61645-EE19-4B1F-B6C0-C898DF900631}.Debug|x86.Build.0 = Debug|x86
		{40C61645-EE19-4B1F-B6C0-C898DF900631}.Debug|x86.Deploy.0 = Debug|x86
		{40C61645-EE19-4B1F-B6C0-C898DF900631}.Release|Any CPU.ActiveCfg = Release|x86
		{40C61645-EE19-4B1F-B6C0-C898DF900631}.Release|ARM.ActiveCfg = Release|ARM
		{40C61645-EE19-4B1F-B6C0-C898DF900631}.Release|ARM.Build.0 = Release|ARM
		{40C61645-EE19-4B1F-B6C0-C898DF900631}.Release|ARM.Deploy.0 = Release|ARM
		{40C61645-EE19-4B1F-B6C0-C898DF900631}.Release|ARM64.ActiveCfg = Release|ARM64
		{40C61645-EE19-4B1F-B6C0-C898DF900631}.Release|ARM64.Build.0 = Release|ARM64
		{40C61645-EE19-4B1F-B6C0-C898DF900631}.Release|ARM64.Deploy.0 = Release|ARM64
		{40C61645-EE19-4B1F-B6C0-C898DF900631}.Release|x64.ActiveCfg = Release|x64
		{40C61645-EE19-4B1F-B6C0-C898DF900631}.Release|x64.Build.0 = Release|x64
		{40C61645-EE19-4B1F-B6C0-C898DF900631}.Release|x64.Deploy.0 = Release|x64
		{40C61645-EE19-4B1F-B6C0-C898DF900631}.Release|x86.ActiveCfg = Release|x86
		{40C61645-EE19-4B1F-B6C0-C898DF900631}.Release|x86.Build.0 = Release|x86
		{40C61645-EE19-4B1F-B6C0-C898DF900631}.Release|x86.Deploy.0 = Release|x86
		{64DEAF9F-3303-4A42-95A4-F22FD1E7BB3A}.Debug|Any CPU.ActiveCfg = Debug|Any CPU
		{64DEAF9F-3303-4A42-95A4-F22FD1E7BB3A}.Debug|Any CPU.Build.0 = Debug|Any CPU
		{64DEAF9F-3303-4A42-95A4-F22FD1E7BB3A}.Debug|ARM.ActiveCfg = Debug|Any CPU
		{64DEAF9F-3303-4A42-95A4-F22FD1E7BB3A}.Debug|ARM.Build.0 = Debug|Any CPU
		{64DEAF9F-3303-4A42-95A4-F22FD1E7BB3A}.Debug|ARM64.ActiveCfg = Debug|Any CPU
		{64DEAF9F-3303-4A42-95A4-F22FD1E7BB3A}.Debug|ARM64.Build.0 = Debug|Any CPU
		{64DEAF9F-3303-4A42-95A4-F22FD1E7BB3A}.Debug|x64.ActiveCfg = Debug|Any CPU
		{64DEAF9F-3303-4A42-95A4-F22FD1E7BB3A}.Debug|x64.Build.0 = Debug|Any CPU
		{64DEAF9F-3303-4A42-95A4-F22FD1E7BB3A}.Debug|x86.ActiveCfg = Debug|Any CPU
		{64DEAF9F-3303-4A42-95A4-F22FD1E7BB3A}.Debug|x86.Build.0 = Debug|Any CPU
		{64DEAF9F-3303-4A42-95A4-F22FD1E7BB3A}.Release|Any CPU.ActiveCfg = Release|Any CPU
		{64DEAF9F-3303-4A42-95A4-F22FD1E7BB3A}.Release|Any CPU.Build.0 = Release|Any CPU
		{64DEAF9F-3303-4A42-95A4-F22FD1E7BB3A}.Release|ARM.ActiveCfg = Release|Any CPU
		{64DEAF9F-3303-4A42-95A4-F22FD1E7BB3A}.Release|ARM.Build.0 = Release|Any CPU
		{64DEAF9F-3303-4A42-95A4-F22FD1E7BB3A}.Release|ARM64.ActiveCfg = Release|Any CPU
		{64DEAF9F-3303-4A42-95A4-F22FD1E7BB3A}.Release|ARM64.Build.0 = Release|Any CPU
		{64DEAF9F-3303-4A42-95A4-F22FD1E7BB3A}.Release|x64.ActiveCfg = Release|Any CPU
		{64DEAF9F-3303-4A42-95A4-F22FD1E7BB3A}.Release|x64.Build.0 = Release|Any CPU
		{64DEAF9F-3303-4A42-95A4-F22FD1E7BB3A}.Release|x86.ActiveCfg = Release|Any CPU
		{64DEAF9F-3303-4A42-95A4-F22FD1E7BB3A}.Release|x86.Build.0 = Release|Any CPU
		{F8E0E6B1-EA4B-4CE0-A1C1-834A8C5AEB03}.Debug|Any CPU.ActiveCfg = Debug|Any CPU
		{F8E0E6B1-EA4B-4CE0-A1C1-834A8C5AEB03}.Debug|Any CPU.Build.0 = Debug|Any CPU
		{F8E0E6B1-EA4B-4CE0-A1C1-834A8C5AEB03}.Debug|ARM.ActiveCfg = Debug|Any CPU
		{F8E0E6B1-EA4B-4CE0-A1C1-834A8C5AEB03}.Debug|ARM.Build.0 = Debug|Any CPU
		{F8E0E6B1-EA4B-4CE0-A1C1-834A8C5AEB03}.Debug|ARM64.ActiveCfg = Debug|Any CPU
		{F8E0E6B1-EA4B-4CE0-A1C1-834A8C5AEB03}.Debug|ARM64.Build.0 = Debug|Any CPU
		{F8E0E6B1-EA4B-4CE0-A1C1-834A8C5AEB03}.Debug|x64.ActiveCfg = Debug|Any CPU
		{F8E0E6B1-EA4B-4CE0-A1C1-834A8C5AEB03}.Debug|x64.Build.0 = Debug|Any CPU
		{F8E0E6B1-EA4B-4CE0-A1C1-834A8C5AEB03}.Debug|x86.ActiveCfg = Debug|Any CPU
		{F8E0E6B1-EA4B-4CE0-A1C1-834A8C5AEB03}.Debug|x86.Build.0 = Debug|Any CPU
		{F8E0E6B1-EA4B-4CE0-A1C1-834A8C5AEB03}.Release|Any CPU.ActiveCfg = Release|Any CPU
		{F8E0E6B1-EA4B-4CE0-A1C1-834A8C5AEB03}.Release|Any CPU.Build.0 = Release|Any CPU
		{F8E0E6B1-EA4B-4CE0-A1C1-834A8C5AEB03}.Release|ARM.ActiveCfg = Release|Any CPU
		{F8E0E6B1-EA4B-4CE0-A1C1-834A8C5AEB03}.Release|ARM.Build.0 = Release|Any CPU
		{F8E0E6B1-EA4B-4CE0-A1C1-834A8C5AEB03}.Release|ARM64.ActiveCfg = Release|Any CPU
		{F8E0E6B1-EA4B-4CE0-A1C1-834A8C5AEB03}.Release|ARM64.Build.0 = Release|Any CPU
		{F8E0E6B1-EA4B-4CE0-A1C1-834A8C5AEB03}.Release|x64.ActiveCfg = Release|Any CPU
		{F8E0E6B1-EA4B-4CE0-A1C1-834A8C5AEB03}.Release|x64.Build.0 = Release|Any CPU
		{F8E0E6B1-EA4B-4CE0-A1C1-834A8C5AEB03}.Release|x86.ActiveCfg = Release|Any CPU
		{F8E0E6B1-EA4B-4CE0-A1C1-834A8C5AEB03}.Release|x86.Build.0 = Release|Any CPU
		{104BB3AD-2223-42D2-8D0C-C6F961D7C3B5}.Debug|Any CPU.ActiveCfg = Debug|Any CPU
		{104BB3AD-2223-42D2-8D0C-C6F961D7C3B5}.Debug|Any CPU.Build.0 = Debug|Any CPU
		{104BB3AD-2223-42D2-8D0C-C6F961D7C3B5}.Debug|ARM.ActiveCfg = Debug|Any CPU
		{104BB3AD-2223-42D2-8D0C-C6F961D7C3B5}.Debug|ARM.Build.0 = Debug|Any CPU
		{104BB3AD-2223-42D2-8D0C-C6F961D7C3B5}.Debug|ARM64.ActiveCfg = Debug|Any CPU
		{104BB3AD-2223-42D2-8D0C-C6F961D7C3B5}.Debug|ARM64.Build.0 = Debug|Any CPU
		{104BB3AD-2223-42D2-8D0C-C6F961D7C3B5}.Debug|x64.ActiveCfg = Debug|Any CPU
		{104BB3AD-2223-42D2-8D0C-C6F961D7C3B5}.Debug|x64.Build.0 = Debug|Any CPU
		{104BB3AD-2223-42D2-8D0C-C6F961D7C3B5}.Debug|x86.ActiveCfg = Debug|Any CPU
		{104BB3AD-2223-42D2-8D0C-C6F961D7C3B5}.Debug|x86.Build.0 = Debug|Any CPU
		{104BB3AD-2223-42D2-8D0C-C6F961D7C3B5}.Release|Any CPU.ActiveCfg = Release|Any CPU
		{104BB3AD-2223-42D2-8D0C-C6F961D7C3B5}.Release|Any CPU.Build.0 = Release|Any CPU
		{104BB3AD-2223-42D2-8D0C-C6F961D7C3B5}.Release|ARM.ActiveCfg = Release|Any CPU
		{104BB3AD-2223-42D2-8D0C-C6F961D7C3B5}.Release|ARM.Build.0 = Release|Any CPU
		{104BB3AD-2223-42D2-8D0C-C6F961D7C3B5}.Release|ARM64.ActiveCfg = Release|Any CPU
		{104BB3AD-2223-42D2-8D0C-C6F961D7C3B5}.Release|ARM64.Build.0 = Release|Any CPU
		{104BB3AD-2223-42D2-8D0C-C6F961D7C3B5}.Release|x64.ActiveCfg = Release|Any CPU
		{104BB3AD-2223-42D2-8D0C-C6F961D7C3B5}.Release|x64.Build.0 = Release|Any CPU
		{104BB3AD-2223-42D2-8D0C-C6F961D7C3B5}.Release|x86.ActiveCfg = Release|Any CPU
		{104BB3AD-2223-42D2-8D0C-C6F961D7C3B5}.Release|x86.Build.0 = Release|Any CPU
		{12E21304-BB19-43D9-968D-029CB417393A}.Debug|Any CPU.ActiveCfg = Debug|Any CPU
		{12E21304-BB19-43D9-968D-029CB417393A}.Debug|Any CPU.Build.0 = Debug|Any CPU
		{12E21304-BB19-43D9-968D-029CB417393A}.Debug|ARM.ActiveCfg = Debug|Any CPU
		{12E21304-BB19-43D9-968D-029CB417393A}.Debug|ARM.Build.0 = Debug|Any CPU
		{12E21304-BB19-43D9-968D-029CB417393A}.Debug|ARM64.ActiveCfg = Debug|Any CPU
		{12E21304-BB19-43D9-968D-029CB417393A}.Debug|ARM64.Build.0 = Debug|Any CPU
		{12E21304-BB19-43D9-968D-029CB417393A}.Debug|x64.ActiveCfg = Debug|Any CPU
		{12E21304-BB19-43D9-968D-029CB417393A}.Debug|x64.Build.0 = Debug|Any CPU
		{12E21304-BB19-43D9-968D-029CB417393A}.Debug|x86.ActiveCfg = Debug|Any CPU
		{12E21304-BB19-43D9-968D-029CB417393A}.Debug|x86.Build.0 = Debug|Any CPU
		{12E21304-BB19-43D9-968D-029CB417393A}.Release|Any CPU.ActiveCfg = Release|Any CPU
		{12E21304-BB19-43D9-968D-029CB417393A}.Release|Any CPU.Build.0 = Release|Any CPU
		{12E21304-BB19-43D9-968D-029CB417393A}.Release|ARM.ActiveCfg = Release|Any CPU
		{12E21304-BB19-43D9-968D-029CB417393A}.Release|ARM.Build.0 = Release|Any CPU
		{12E21304-BB19-43D9-968D-029CB417393A}.Release|ARM64.ActiveCfg = Release|Any CPU
		{12E21304-BB19-43D9-968D-029CB417393A}.Release|ARM64.Build.0 = Release|Any CPU
		{12E21304-BB19-43D9-968D-029CB417393A}.Release|x64.ActiveCfg = Release|Any CPU
		{12E21304-BB19-43D9-968D-029CB417393A}.Release|x64.Build.0 = Release|Any CPU
		{12E21304-BB19-43D9-968D-029CB417393A}.Release|x86.ActiveCfg = Release|Any CPU
		{12E21304-BB19-43D9-968D-029CB417393A}.Release|x86.Build.0 = Release|Any CPU
	EndGlobalSection
	GlobalSection(SolutionProperties) = preSolution
		HideSolutionNode = FALSE
	EndGlobalSection
	GlobalSection(ExtensibilityGlobals) = postSolution
		SolutionGuid = {9CDF7B23-85F0-4161-A62A-0049C526CBE1}
	EndGlobalSection
EndGlobal
